
Microsoft Visual Studio Solution File, Format Version 12.00
# Visual Studio Version 17
VisualStudioVersion = 17.5.33530.505
MinimumVisualStudioVersion = 10.0.40219.1
Project("{FAE04EC0-301F-11D3-BF4B-00C04F79EFBC}") = "objetosorientados", "ConsoleApp1\objetosorientados.csproj", "{92461FB6-A97F-4C9C-AAC3-94D8613D4DCF}"
EndProject
Global
	GlobalSection(SolutionConfigurationPlatforms) = preSolution
		Debug|Any CPU = Debug|Any CPU
		Release|Any CPU = Release|Any CPU
	EndGlobalSection
	GlobalSection(ProjectConfigurationPlatforms) = postSolution
		{92461FB6-A97F-4C9C-AAC3-94D8613D4DCF}.Debug|Any CPU.ActiveCfg = Debug|Any CPU
		{92461FB6-A97F-4C9C-AAC3-94D8613D4DCF}.Debug|Any CPU.Build.0 = Debug|Any CPU
		{92461FB6-A97F-4C9C-AAC3-94D8613D4DCF}.Release|Any CPU.ActiveCfg = Release|Any CPU
		{92461FB6-A97F-4C9C-AAC3-94D8613D4DCF}.Release|Any CPU.Build.0 = Release|Any CPU
	EndGlobalSection
	GlobalSection(SolutionProperties) = preSolution
		HideSolutionNode = FALSE
	EndGlobalSection
	GlobalSection(ExtensibilityGlobals) = postSolution
		SolutionGuid = {3FE44620-0667-4A56-AE57-5FC1677562BE}
	EndGlobalSection
EndGlobal
